
Microsoft Visual Studio Solution File, Format Version 12.00
# Visual Studio Version 17
VisualStudioVersion = 17.3.32901.215
MinimumVisualStudioVersion = 10.0.40219.1
Project("{FAE04EC0-301F-11D3-BF4B-00C04F79EFBC}") = "bolum2-uygulama7", "bolum2-uygulama7\bolum2-uygulama7.csproj", "{D94A708A-6304-44F5-A5D5-BB4468C66856}"
EndProject
Global
	GlobalSection(SolutionConfigurationPlatforms) = preSolution
		Debug|Any CPU = Debug|Any CPU
		Release|Any CPU = Release|Any CPU
	EndGlobalSection
	GlobalSection(ProjectConfigurationPlatforms) = postSolution
		{D94A708A-6304-44F5-A5D5-BB4468C66856}.Debug|Any CPU.ActiveCfg = Debug|Any CPU
		{D94A708A-6304-44F5-A5D5-BB4468C66856}.Debug|Any CPU.Build.0 = Debug|Any CPU
		{D94A708A-6304-44F5-A5D5-BB4468C66856}.Release|Any CPU.ActiveCfg = Release|Any CPU
		{D94A708A-6304-44F5-A5D5-BB4468C66856}.Release|Any CPU.Build.0 = Release|Any CPU
	EndGlobalSection
	GlobalSection(SolutionProperties) = preSolution
		HideSolutionNode = FALSE
	EndGlobalSection
	GlobalSection(ExtensibilityGlobals) = postSolution
		SolutionGuid = {DCE1AB1D-0E59-414B-B79B-442F6FF602CA}
	EndGlobalSection
EndGlobal
